{
  "version": 4,
  "terraform_version": "1.6.4",
  "serial": 16,
  "lineage": "60f88a6f-f61c-7f24-fd9a-36f99686e6fe",
  "outputs": {},
  "resources": [
    {
      "mode": "data",
      "type": "google_firebase_web_app_config",
      "name": "example",
      "provider": "provider[\"registry.terraform.io/hashicorp/google-beta\"]",
      "instances": [
        {
          "schema_version": 0,
          "attributes": {
            "api_key": "AIzaSyCVj3JmeIYocwaBptNqlCfXseJ8cpPuAvI",
            "auth_domain": "sample-firebase-ai-app-66069.firebaseapp.com",
            "database_url": "",
            "id": "1:160807342161:web:d3fe8615083c8cb8fba870",
            "location_id": "",
            "measurement_id": "",
            "messaging_sender_id": "160807342161",
            "project": "sample-firebase-ai-app-66069",
            "storage_bucket": "sample-firebase-ai-app-66069.firebasestorage.app",
            "web_app_id": "1:160807342161:web:d3fe8615083c8cb8fba870"
          },
          "sensitive_attributes": []
        }
      ]
    },
    {
      "mode": "data",
      "type": "google_project",
      "name": "project",
      "provider": "provider[\"registry.terraform.io/hashicorp/google-beta\"]",
      "instances": [
        {
          "schema_version": 0,
          "attributes": {
            "auto_create_network": null,
            "billing_account": null,
            "deletion_policy": "DELETE",
            "effective_labels": {
              "firebase": "enabled",
              "firebase-core": "disabled"
            },
            "folder_id": null,
            "id": "projects/sample-firebase-ai-app-66069",
            "labels": {
              "firebase": "enabled",
              "firebase-core": "disabled"
            },
            "name": "Sample Firebase AI App",
            "number": "160807342161",
            "org_id": null,
            "project_id": "sample-firebase-ai-app-66069",
            "skip_delete": null,
            "terraform_labels": {
              "firebase": "enabled",
              "firebase-core": "disabled"
            }
          },
          "sensitive_attributes": []
        }
      ]
    },
    {
      "mode": "managed",
      "type": "google_apikeys_key",
      "name": "generativelanguage",
      "provider": "provider[\"registry.terraform.io/hashicorp/google-beta\"]",
      "instances": [
        {
          "schema_version": 0,
          "attributes": {
            "display_name": "Gemini API Key",
            "id": "projects/sample-firebase-ai-app-66069/locations/global/keys/gemini-api-key",
            "key_string": "AIzaSyAA4cymYF1Hws2XO8GMj9TtX23R1sUg-lY",
            "name": "gemini-api-key",
            "project": "sample-firebase-ai-app-66069",
            "restrictions": [
              {
                "android_key_restrictions": [],
                "api_targets": [
                  {
                    "methods": null,
                    "service": "generativelanguage.googleapis.com"
                  }
                ],
                "browser_key_restrictions": [
                  {
                    "allowed_referrers": [
                      "*"
                    ]
                  }
                ],
                "ios_key_restrictions": [],
                "server_key_restrictions": []
              }
            ],
            "timeouts": null,
            "uid": "395c30d9-65d9-44ed-afa6-b8255d277d71"
          },
          "sensitive_attributes": [],
          "private": "eyJlMmJmYjczMC1lY2FhLTExZTYtOGY4OC0zNDM2M2JjN2M0YzAiOnsiY3JlYXRlIjoxMjAwMDAwMDAwMDAwLCJkZWxldGUiOjEyMDAwMDAwMDAwMDAsInVwZGF0ZSI6MTIwMDAwMDAwMDAwMH19",
          "dependencies": [
            "google_project_service.services"
          ]
        }
      ]
    },
    {
      "mode": "managed",
      "type": "google_firebase_web_app",
      "name": "example",
      "provider": "provider[\"registry.terraform.io/hashicorp/google-beta\"]",
      "instances": [
        {
          "schema_version": 0,
          "attributes": {
            "api_key_id": "04cc935e-4ea4-4d18-9531-98e7b83d4837",
            "app_id": "1:160807342161:web:d3fe8615083c8cb8fba870",
            "app_urls": [],
            "deletion_policy": "DELETE",
            "display_name": "Make It So AI!",
            "id": "projects/sample-firebase-ai-app-66069/webApps/1:160807342161:web:d3fe8615083c8cb8fba870",
            "name": "projects/sample-firebase-ai-app-66069/webApps/1:160807342161:web:d3fe8615083c8cb8fba870",
            "project": "sample-firebase-ai-app-66069",
            "timeouts": null
          },
          "sensitive_attributes": [],
          "private": "eyJlMmJmYjczMC1lY2FhLTExZTYtOGY4OC0zNDM2M2JjN2M0YzAiOnsiY3JlYXRlIjoxMjAwMDAwMDAwMDAwLCJkZWxldGUiOjEyMDAwMDAwMDAwMDAsInVwZGF0ZSI6MTIwMDAwMDAwMDAwMH19"
        }
      ]
    },
    {
      "mode": "managed",
      "type": "google_firebaserules_release",
      "name": "firestore",
      "provider": "provider[\"registry.terraform.io/hashicorp/google-beta\"]",
      "instances": [
        {
          "schema_version": 0,
          "attributes": {
            "create_time": "2024-12-21T04:00:10.424701Z",
            "disabled": false,
            "id": "projects/sample-firebase-ai-app-66069/releases/cloud.firestore",
            "name": "cloud.firestore",
            "project": "sample-firebase-ai-app-66069",
            "ruleset_name": "34ca296c-c680-4fef-bc5e-0c7788076c48",
            "timeouts": null,
            "update_time": "2024-12-21T04:00:10.424701Z"
          },
          "sensitive_attributes": [],
          "private": "eyJlMmJmYjczMC1lY2FhLTExZTYtOGY4OC0zNDM2M2JjN2M0YzAiOnsiY3JlYXRlIjoxMjAwMDAwMDAwMDAwLCJkZWxldGUiOjEyMDAwMDAwMDAwMDB9fQ==",
          "dependencies": [
            "google_firebaserules_ruleset.firestore",
            "google_firestore_database.database",
            "google_project_service.services",
            "local_file.firestore_rules"
          ]
        }
      ]
    },
    {
      "mode": "managed",
      "type": "google_firebaserules_ruleset",
      "name": "firestore",
      "provider": "provider[\"registry.terraform.io/hashicorp/google-beta\"]",
      "instances": [
        {
          "schema_version": 0,
          "attributes": {
            "create_time": "2024-12-21T04:00:06.572245Z",
            "id": "projects/sample-firebase-ai-app-66069/rulesets/34ca296c-c680-4fef-bc5e-0c7788076c48",
            "metadata": [
              {
                "services": [
                  "cloud.firestore"
                ]
              }
            ],
            "name": "34ca296c-c680-4fef-bc5e-0c7788076c48",
            "project": "sample-firebase-ai-app-66069",
            "source": [
              {
                "files": [
                  {
                    "content": "service cloud.firestore {\n  match /databases/{database}/documents/{document=**} {\n    allow read, write: if request.auth != null \u0026\u0026 request.time \u003c timestamp.date(2025, 1, 20);\n  }\n}\n",
                    "fingerprint": "",
                    "name": "firestore.rules"
                  }
                ],
                "language": ""
              }
            ],
            "timeouts": null
          },
          "sensitive_attributes": [],
          "private": "eyJlMmJmYjczMC1lY2FhLTExZTYtOGY4OC0zNDM2M2JjN2M0YzAiOnsiY3JlYXRlIjoxMjAwMDAwMDAwMDAwLCJkZWxldGUiOjEyMDAwMDAwMDAwMDB9fQ==",
          "dependencies": [
            "google_firestore_database.database",
            "google_project_service.services",
            "local_file.firestore_rules"
          ]
        }
      ]
    },
    {
      "mode": "managed",
      "type": "google_firestore_database",
      "name": "database",
      "provider": "provider[\"registry.terraform.io/hashicorp/google-beta\"]",
      "instances": [
        {
          "schema_version": 0,
          "attributes": {
            "app_engine_integration_mode": "DISABLED",
            "cmek_config": [],
            "concurrency_mode": "PESSIMISTIC",
            "create_time": "",
            "delete_protection_state": "DELETE_PROTECTION_DISABLED",
            "deletion_policy": "ABANDON",
            "earliest_version_time": "2024-12-21T03:59:53.320636Z",
            "etag": "IOCju+P8t4oDMLzJz938t4oD",
            "id": "projects/sample-firebase-ai-app-66069/databases/(default)",
            "key_prefix": "",
            "location_id": "nam5",
            "name": "(default)",
            "point_in_time_recovery_enablement": "POINT_IN_TIME_RECOVERY_DISABLED",
            "project": "sample-firebase-ai-app-66069",
            "timeouts": null,
            "type": "FIRESTORE_NATIVE",
            "uid": "b2e9c2d8-5b09-46b4-ad69-54e12cd37ce3",
            "update_time": "",
            "version_retention_period": "3600s"
          },
          "sensitive_attributes": [],
          "private": "eyJlMmJmYjczMC1lY2FhLTExZTYtOGY4OC0zNDM2M2JjN2M0YzAiOnsiY3JlYXRlIjoxMjAwMDAwMDAwMDAwLCJkZWxldGUiOjEyMDAwMDAwMDAwMDAsInVwZGF0ZSI6MTIwMDAwMDAwMDAwMH19",
          "dependencies": [
            "google_project_service.services"
          ]
        }
      ]
    },
    {
      "mode": "managed",
      "type": "google_project_service",
      "name": "services",
      "provider": "provider[\"registry.terraform.io/hashicorp/google-beta\"]",
      "instances": [
        {
          "index_key": "apikeys.googleapis.com",
          "schema_version": 0,
          "attributes": {
            "check_if_service_has_usage_on_destroy": false,
            "disable_dependent_services": null,
            "disable_on_destroy": false,
            "id": "sample-firebase-ai-app-66069/apikeys.googleapis.com",
            "project": "sample-firebase-ai-app-66069",
            "service": "apikeys.googleapis.com",
            "timeouts": null
          },
          "sensitive_attributes": [],
          "private": "eyJlMmJmYjczMC1lY2FhLTExZTYtOGY4OC0zNDM2M2JjN2M0YzAiOnsiY3JlYXRlIjoxMjAwMDAwMDAwMDAwLCJkZWxldGUiOjEyMDAwMDAwMDAwMDAsInJlYWQiOjYwMDAwMDAwMDAwMCwidXBkYXRlIjoxMjAwMDAwMDAwMDAwfX0="
        },
        {
          "index_key": "firebaserules.googleapis.com",
          "schema_version": 0,
          "attributes": {
            "check_if_service_has_usage_on_destroy": false,
            "disable_dependent_services": null,
            "disable_on_destroy": false,
            "id": "sample-firebase-ai-app-66069/firebaserules.googleapis.com",
            "project": "sample-firebase-ai-app-66069",
            "service": "firebaserules.googleapis.com",
            "timeouts": null
          },
          "sensitive_attributes": [],
          "private": "eyJlMmJmYjczMC1lY2FhLTExZTYtOGY4OC0zNDM2M2JjN2M0YzAiOnsiY3JlYXRlIjoxMjAwMDAwMDAwMDAwLCJkZWxldGUiOjEyMDAwMDAwMDAwMDAsInJlYWQiOjYwMDAwMDAwMDAwMCwidXBkYXRlIjoxMjAwMDAwMDAwMDAwfX0="
        },
        {
          "index_key": "firestore.googleapis.com",
          "schema_version": 0,
          "attributes": {
            "check_if_service_has_usage_on_destroy": false,
            "disable_dependent_services": null,
            "disable_on_destroy": false,
            "id": "sample-firebase-ai-app-66069/firestore.googleapis.com",
            "project": "sample-firebase-ai-app-66069",
            "service": "firestore.googleapis.com",
            "timeouts": null
          },
          "sensitive_attributes": [],
          "private": "eyJlMmJmYjczMC1lY2FhLTExZTYtOGY4OC0zNDM2M2JjN2M0YzAiOnsiY3JlYXRlIjoxMjAwMDAwMDAwMDAwLCJkZWxldGUiOjEyMDAwMDAwMDAwMDAsInJlYWQiOjYwMDAwMDAwMDAwMCwidXBkYXRlIjoxMjAwMDAwMDAwMDAwfX0="
        },
        {
          "index_key": "generativelanguage.googleapis.com",
          "schema_version": 0,
          "attributes": {
            "check_if_service_has_usage_on_destroy": false,
            "disable_dependent_services": null,
            "disable_on_destroy": false,
            "id": "sample-firebase-ai-app-66069/generativelanguage.googleapis.com",
            "project": "sample-firebase-ai-app-66069",
            "service": "generativelanguage.googleapis.com",
            "timeouts": null
          },
          "sensitive_attributes": [],
          "private": "eyJlMmJmYjczMC1lY2FhLTExZTYtOGY4OC0zNDM2M2JjN2M0YzAiOnsiY3JlYXRlIjoxMjAwMDAwMDAwMDAwLCJkZWxldGUiOjEyMDAwMDAwMDAwMDAsInJlYWQiOjYwMDAwMDAwMDAwMCwidXBkYXRlIjoxMjAwMDAwMDAwMDAwfX0="
        },
        {
          "index_key": "serviceusage.googleapis.com",
          "schema_version": 0,
          "attributes": {
            "check_if_service_has_usage_on_destroy": false,
            "disable_dependent_services": null,
            "disable_on_destroy": false,
            "id": "sample-firebase-ai-app-66069/serviceusage.googleapis.com",
            "project": "sample-firebase-ai-app-66069",
            "service": "serviceusage.googleapis.com",
            "timeouts": null
          },
          "sensitive_attributes": [],
          "private": "eyJlMmJmYjczMC1lY2FhLTExZTYtOGY4OC0zNDM2M2JjN2M0YzAiOnsiY3JlYXRlIjoxMjAwMDAwMDAwMDAwLCJkZWxldGUiOjEyMDAwMDAwMDAwMDAsInJlYWQiOjYwMDAwMDAwMDAwMCwidXBkYXRlIjoxMjAwMDAwMDAwMDAwfX0="
        }
      ]
    },
    {
      "mode": "managed",
      "type": "google_service_usage_consumer_quota_override",
      "name": "generativelanguage",
      "provider": "provider[\"registry.terraform.io/hashicorp/google-beta\"]",
      "instances": [
        {
          "schema_version": 0,
          "attributes": {
            "dimensions": null,
            "force": true,
            "id": "projects/sample-firebase-ai-app-66069/services/generativelanguage.googleapis.com/consumerQuotaMetrics/generativelanguage.googleapis.com%2Fgenerate_requests_per_model/limits/%2Fmin%2Fmodel%2Fproject/consumerOverrides/Cg1RdW90YU92ZXJyaWRl",
            "limit": "%2Fmin%2Fmodel%2Fproject",
            "metric": "generativelanguage.googleapis.com%2Fgenerate_requests_per_model",
            "name": "Cg1RdW90YU92ZXJyaWRl",
            "override_value": "10",
            "project": "sample-firebase-ai-app-66069",
            "service": "generativelanguage.googleapis.com",
            "timeouts": null
          },
          "sensitive_attributes": [],
          "private": "eyJlMmJmYjczMC1lY2FhLTExZTYtOGY4OC0zNDM2M2JjN2M0YzAiOnsiY3JlYXRlIjoxMjAwMDAwMDAwMDAwLCJkZWxldGUiOjEyMDAwMDAwMDAwMDAsInVwZGF0ZSI6MTIwMDAwMDAwMDAwMH19",
          "dependencies": [
            "google_project_service.services"
          ]
        }
      ]
    },
    {
      "mode": "managed",
      "type": "local_file",
      "name": "environment_ts",
      "provider": "provider[\"registry.terraform.io/hashicorp/local\"]",
      "instances": [
        {
          "schema_version": 0,
          "attributes": {
            "content": "export const environment = {\n  firebase: {\n      apiKey: 'AIzaSyCVj3JmeIYocwaBptNqlCfXseJ8cpPuAvI',\n      authDomain: 'sample-firebase-ai-app-66069.firebaseapp.com',\n      databaseURL: '',\n      projectId: 'sample-firebase-ai-app-66069',\n      storageBucket: 'sample-firebase-ai-app-66069.firebasestorage.app',\n      messagingSenderId: '160807342161',\n      appId: '1:160807342161:web:d3fe8615083c8cb8fba870',\n      measurementId: '',\n  },\n  gemini_api_key: 'AIzaSyAA4cymYF1Hws2XO8GMj9TtX23R1sUg-lY',\n  debug_token: ''\n};",
            "content_base64": null,
            "content_base64sha256": "zpFocNg0mWCnvfUI2/8b6/8WOGtgI5V39wgRjIaSEfU=",
            "content_base64sha512": "x/M9vaplZnXe7a5yuxRCDUziqmEGxlsbMZkNWMoy4Lc1nwX/c9muU6U+pLMq+2kf8ejQnC8ChUXwi+f8SyE2uA==",
            "content_md5": "4b6975d66c245adff89173848bf6e105",
            "content_sha1": "d6c1b645d989ecb176bb994872d27b763cb657d1",
            "content_sha256": "ce916870d8349960a7bdf508dbff1bebff16386b60239577f708118c869211f5",
            "content_sha512": "c7f33dbdaa656675deedae72bb14420d4ce2aa6106c65b1b31990d58ca32e0b7359f05ff73d9ae53a53ea4b32afb691ff1e8d09c2f028545f08be7fc4b2136b8",
            "directory_permission": "0777",
            "file_permission": "0777",
            "filename": "./src/environments/environments.ts",
            "id": "d6c1b645d989ecb176bb994872d27b763cb657d1",
            "sensitive_content": null,
            "source": null
          },
          "sensitive_attributes": [
            [
              {
                "type": "get_attr",
                "value": "content"
              }
            ]
          ],
          "dependencies": [
            "data.google_firebase_web_app_config.example",
            "data.google_project.project",
            "google_apikeys_key.generativelanguage",
            "google_firebase_web_app.example",
            "google_project_service.services"
          ]
        }
      ]
    },
    {
      "mode": "managed",
      "type": "local_file",
      "name": "firebaserc",
      "provider": "provider[\"registry.terraform.io/hashicorp/local\"]",
      "instances": [
        {
          "schema_version": 0,
          "attributes": {
            "content": "{\"projects\":{\"default\":\"sample-firebase-ai-app-66069\"}}",
            "content_base64": null,
            "content_base64sha256": "xrrlENebPR4hOhc+FauQKgLTgKyP+HTSOBicltkQpUY=",
            "content_base64sha512": "JTDj0dWt9o/xIZqYiXShc4P0+WVDJqDVe5fB0/QpaAO5nz1OWLAoz05ZT4bKuISBjZkHiXmmzkj66DW4rTi4AQ==",
            "content_md5": "f979f1a3466592c0a90e602dcfdf421a",
            "content_sha1": "6d77ea4ed33f3cd2c2a5982589b75929081ec534",
            "content_sha256": "c6bae510d79b3d1e213a173e15ab902a02d380ac8ff874d238189c96d910a546",
            "content_sha512": "2530e3d1d5adf68ff1219a988974a17383f4f9654326a0d57b97c1d3f4296803b99f3d4e58b028cf4e594f86cab884818d99078979a6ce48fae835b8ad38b801",
            "directory_permission": "0777",
            "file_permission": "0777",
            "filename": "./.firebaserc",
            "id": "6d77ea4ed33f3cd2c2a5982589b75929081ec534",
            "sensitive_content": null,
            "source": null
          },
          "sensitive_attributes": []
        }
      ]
    },
    {
      "mode": "managed",
      "type": "local_file",
      "name": "firestore_rules",
      "provider": "provider[\"registry.terraform.io/hashicorp/local\"]",
      "instances": [
        {
          "schema_version": 0,
          "attributes": {
            "content": "service cloud.firestore {\n  match /databases/{database}/documents/{document=**} {\n    allow read, write: if request.auth != null \u0026\u0026 request.time \u003c timestamp.date(2025, 1, 20);\n  }\n}\n",
            "content_base64": null,
            "content_base64sha256": "S5Uz3dWG9DRh7RTnRxC+Yp4UUfjWeox1OF8g6GDa2vE=",
            "content_base64sha512": "ASATHxo3pHMOgHtKIR4LmX6OokEl3nLW+pq/mhIbCB/juo82CNjna2T5EalA1E7sxtijFiIgKA+bVLVpCCWSCA==",
            "content_md5": "e309727f5a39f1576c69e7caa26fe30b",
            "content_sha1": "69b0febb9dbe846c603d82208a9adaf3e02270cb",
            "content_sha256": "4b9533ddd586f43461ed14e74710be629e1451f8d67a8c75385f20e860dadaf1",
            "content_sha512": "0120131f1a37a4730e807b4a211e0b997e8ea24125de72d6fa9abf9a121b081fe3ba8f3608d8e76b64f911a940d44eecc6d8a3162220280f9b54b56908259208",
            "directory_permission": "0777",
            "file_permission": "0777",
            "filename": "./firestore.rules",
            "id": "69b0febb9dbe846c603d82208a9adaf3e02270cb",
            "sensitive_content": null,
            "source": null
          },
          "sensitive_attributes": []
        }
      ]
    }
  ],
  "check_results": null
}
